{
  "name": "HTMLPrac",
  "lockfileVersion": 3,
  "requires": true,
  "packages": {
    "": {
      "dependencies": {
        "lucide": "^0.302.0"
      }
    },
    "node_modules/lucide": {
      "version": "0.302.0",
      "resolved": "https://registry.npmjs.org/lucide/-/lucide-0.302.0.tgz",
      "integrity": "sha512-EM1u7oXDPz5sL0zvVbbjQNeqCkAt3SyPCJ2YtlNyXlEQR5wJqn0dholS+S+adzrqyaZrCw8Q1KwlSGhrBMGBGQ=="
    }
  }
}
